
Microsoft Visual Studio Solution File, Format Version 12.00
# Visual Studio Version 16
VisualStudioVersion = 16.0.31729.503
MinimumVisualStudioVersion = 10.0.40219.1
Project("{FAE04EC0-301F-11D3-BF4B-00C04F79EFBC}") = "Cap.KafkaAvro.Consumer", "Cap.KafkaAvro.Consumer\Cap.KafkaAvro.Consumer.csproj", "{0CF9ECE9-527A-444A-8955-665B32475F23}"
EndProject
Project("{FAE04EC0-301F-11D3-BF4B-00C04F79EFBC}") = "Cap.KafkaAvro.Producer", "Cap.KafkaAvro.Producer\Cap.KafkaAvro.Producer.csproj", "{DF6D4C79-F367-4320-B79A-22BC6AF4DB6D}"
EndProject
Global
	GlobalSection(SolutionConfigurationPlatforms) = preSolution
		Debug|Any CPU = Debug|Any CPU
		Release|Any CPU = Release|Any CPU
	EndGlobalSection
	GlobalSection(ProjectConfigurationPlatforms) = postSolution
		{0CF9ECE9-527A-444A-8955-665B32475F23}.Debug|Any CPU.ActiveCfg = Debug|Any CPU
		{0CF9ECE9-527A-444A-8955-665B32475F23}.Debug|Any CPU.Build.0 = Debug|Any CPU
		{0CF9ECE9-527A-444A-8955-665B32475F23}.Release|Any CPU.ActiveCfg = Release|Any CPU
		{0CF9ECE9-527A-444A-8955-665B32475F23}.Release|Any CPU.Build.0 = Release|Any CPU
		{DF6D4C79-F367-4320-B79A-22BC6AF4DB6D}.Debug|Any CPU.ActiveCfg = Debug|Any CPU
		{DF6D4C79-F367-4320-B79A-22BC6AF4DB6D}.Debug|Any CPU.Build.0 = Debug|Any CPU
		{DF6D4C79-F367-4320-B79A-22BC6AF4DB6D}.Release|Any CPU.ActiveCfg = Release|Any CPU
		{DF6D4C79-F367-4320-B79A-22BC6AF4DB6D}.Release|Any CPU.Build.0 = Release|Any CPU
	EndGlobalSection
	GlobalSection(SolutionProperties) = preSolution
		HideSolutionNode = FALSE
	EndGlobalSection
	GlobalSection(ExtensibilityGlobals) = postSolution
		SolutionGuid = {2884D9E8-55B6-4E40-841A-CCBE033B4BFA}
	EndGlobalSection
EndGlobal
